// !$*UTF8*$!
{
	archiveVersion = 1;
	classes = {
	};
	objectVersion = 56;
	objects = {

/* Begin PBXBuildFile section */
		5E44AC162BA404AC00B33B43 /* AppDelegate.swift in Sources */ = {isa = PBXBuildFile; fileRef = 5E44AC152BA404AC00B33B43 /* AppDelegate.swift */; };
		5E44AC182BA404AC00B33B43 /* SceneDelegate.swift in Sources */ = {isa = PBXBuildFile; fileRef = 5E44AC172BA404AC00B33B43 /* SceneDelegate.swift */; };
		5E44AC1A2BA404AC00B33B43 /* ViewController.swift in Sources */ = {isa = PBXBuildFile; fileRef = 5E44AC192BA404AC00B33B43 /* ViewController.swift */; };
		5E44AC1D2BA404AC00B33B43 /* Main.storyboard in Resources */ = {isa = PBXBuildFile; fileRef = 5E44AC1B2BA404AC00B33B43 /* Main.storyboard */; };
		5E44AC1F2BA404AD00B33B43 /* Assets.xcassets in Resources */ = {isa = PBXBuildFile; fileRef = 5E44AC1E2BA404AD00B33B43 /* Assets.xcassets */; };
		5E44AC222BA404AD00B33B43 /* LaunchScreen.storyboard in Resources */ = {isa = PBXBuildFile; fileRef = 5E44AC202BA404AD00B33B43 /* LaunchScreen.storyboard */; };
		5E44AC2F2BA4053500B33B43 /* HomeVC.swift in Sources */ = {isa = PBXBuildFile; fileRef = 5E44AC2D2BA4053500B33B43 /* HomeVC.swift */; };
		5E44AC302BA4053500B33B43 /* HomeVC.xib in Resources */ = {isa = PBXBuildFile; fileRef = 5E44AC2E2BA4053500B33B43 /* HomeVC.xib */; };
		5E44AC3D2BA414B100B33B43 /* Date+Extension.swift in Sources */ = {isa = PBXBuildFile; fileRef = 5E44AC3C2BA414B100B33B43 /* Date+Extension.swift */; };
		5E44AC402BA415CC00B33B43 /* CalenderDateCVC.swift in Sources */ = {isa = PBXBuildFile; fileRef = 5E44AC3E2BA415CC00B33B43 /* CalenderDateCVC.swift */; };
		5E44AC412BA415CC00B33B43 /* CalenderDateCVC.xib in Resources */ = {isa = PBXBuildFile; fileRef = 5E44AC3F2BA415CC00B33B43 /* CalenderDateCVC.xib */; };
		5E44AC442BA43DEE00B33B43 /* TableViewCell.swift in Sources */ = {isa = PBXBuildFile; fileRef = 5E44AC422BA43DEE00B33B43 /* TableViewCell.swift */; };
		5E44AC452BA43DEE00B33B43 /* TableViewCell.xib in Resources */ = {isa = PBXBuildFile; fileRef = 5E44AC432BA43DEE00B33B43 /* TableViewCell.xib */; };
		5E44AC492BA598A400B33B43 /* MyTabBarController.swift in Sources */ = {isa = PBXBuildFile; fileRef = 5E44AC472BA598A400B33B43 /* MyTabBarController.swift */; };
		5E44AC4A2BA598A400B33B43 /* MyTabBarController.xib in Resources */ = {isa = PBXBuildFile; fileRef = 5E44AC482BA598A400B33B43 /* MyTabBarController.xib */; };
		5EA1A90D2BA5FFBD005417C3 /* Model.swift in Sources */ = {isa = PBXBuildFile; fileRef = 5EA1A90C2BA5FFBD005417C3 /* Model.swift */; };
/* End PBXBuildFile section */

/* Begin PBXFileReference section */
		5E44AC122BA404AC00B33B43 /* task_Tailwebs.app */ = {isa = PBXFileReference; explicitFileType = wrapper.application; includeInIndex = 0; path = task_Tailwebs.app; sourceTree = BUILT_PRODUCTS_DIR; };
		5E44AC152BA404AC00B33B43 /* AppDelegate.swift */ = {isa = PBXFileReference; lastKnownFileType = sourcecode.swift; path = AppDelegate.swift; sourceTree = "<group>"; };
		5E44AC172BA404AC00B33B43 /* SceneDelegate.swift */ = {isa = PBXFileReference; lastKnownFileType = sourcecode.swift; path = SceneDelegate.swift; sourceTree = "<group>"; };
		5E44AC192BA404AC00B33B43 /* ViewController.swift */ = {isa = PBXFileReference; lastKnownFileType = sourcecode.swift; path = ViewController.swift; sourceTree = "<group>"; };
		5E44AC1C2BA404AC00B33B43 /* Base */ = {isa = PBXFileReference; lastKnownFileType = file.storyboard; name = Base; path = Base.lproj/Main.storyboard; sourceTree = "<group>"; };
		5E44AC1E2BA404AD00B33B43 /* Assets.xcassets */ = {isa = PBXFileReference; lastKnownFileType = folder.assetcatalog; path = Assets.xcassets; sourceTree = "<group>"; };
		5E44AC212BA404AD00B33B43 /* Base */ = {isa = PBXFileReference; lastKnownFileType = file.storyboard; name = Base; path = Base.lproj/LaunchScreen.storyboard; sourceTree = "<group>"; };
		5E44AC232BA404AD00B33B43 /* Info.plist */ = {isa = PBXFileReference; lastKnownFileType = text.plist.xml; path = Info.plist; sourceTree = "<group>"; };
		5E44AC2D2BA4053500B33B43 /* HomeVC.swift */ = {isa = PBXFileReference; lastKnownFileType = sourcecode.swift; path = HomeVC.swift; sourceTree = "<group>"; };
		5E44AC2E2BA4053500B33B43 /* HomeVC.xib */ = {isa = PBXFileReference; lastKnownFileType = file.xib; path = HomeVC.xib; sourceTree = "<group>"; };
		5E44AC3C2BA414B100B33B43 /* Date+Extension.swift */ = {isa = PBXFileReference; lastKnownFileType = sourcecode.swift; path = "Date+Extension.swift"; sourceTree = "<group>"; };
		5E44AC3E2BA415CC00B33B43 /* CalenderDateCVC.swift */ = {isa = PBXFileReference; lastKnownFileType = sourcecode.swift; path = CalenderDateCVC.swift; sourceTree = "<group>"; };
		5E44AC3F2BA415CC00B33B43 /* CalenderDateCVC.xib */ = {isa = PBXFileReference; lastKnownFileType = file.xib; path = CalenderDateCVC.xib; sourceTree = "<group>"; };
		5E44AC422BA43DEE00B33B43 /* TableViewCell.swift */ = {isa = PBXFileReference; lastKnownFileType = sourcecode.swift; path = TableViewCell.swift; sourceTree = "<group>"; };
		5E44AC432BA43DEE00B33B43 /* TableViewCell.xib */ = {isa = PBXFileReference; lastKnownFileType = file.xib; path = TableViewCell.xib; sourceTree = "<group>"; };
		5E44AC472BA598A400B33B43 /* MyTabBarController.swift */ = {isa = PBXFileReference; lastKnownFileType = sourcecode.swift; path = MyTabBarController.swift; sourceTree = "<group>"; };
		5E44AC482BA598A400B33B43 /* MyTabBarController.xib */ = {isa = PBXFileReference; lastKnownFileType = file.xib; path = MyTabBarController.xib; sourceTree = "<group>"; };
		5EA1A90C2BA5FFBD005417C3 /* Model.swift */ = {isa = PBXFileReference; lastKnownFileType = sourcecode.swift; path = Model.swift; sourceTree = "<group>"; };
/* End PBXFileReference section */

/* Begin PBXFrameworksBuildPhase section */
		5E44AC0F2BA404AC00B33B43 /* Frameworks */ = {
			isa = PBXFrameworksBuildPhase;
			buildActionMask = 2147483647;
			files = (
			);
			runOnlyForDeploymentPostprocessing = 0;
		};
/* End PBXFrameworksBuildPhase section */

/* Begin PBXGroup section */
		5E44AC092BA404AC00B33B43 = {
			isa = PBXGroup;
			children = (
				5E44AC142BA404AC00B33B43 /* task_Tailwebs */,
				5E44AC132BA404AC00B33B43 /* Products */,
			);
			sourceTree = "<group>";
		};
		5E44AC132BA404AC00B33B43 /* Products */ = {
			isa = PBXGroup;
			children = (
				5E44AC122BA404AC00B33B43 /* task_Tailwebs.app */,
			);
			name = Products;
			sourceTree = "<group>";
		};
		5E44AC142BA404AC00B33B43 /* task_Tailwebs */ = {
			isa = PBXGroup;
			children = (
				5E44AC152BA404AC00B33B43 /* AppDelegate.swift */,
				5E44AC172BA404AC00B33B43 /* SceneDelegate.swift */,
				5E44AC192BA404AC00B33B43 /* ViewController.swift */,
				5E44AC362BA40A4B00B33B43 /* Helper */,
				5E44AC2A2BA404EE00B33B43 /* Model */,
				5E44AC292BA404E700B33B43 /* View */,
				5E44AC1B2BA404AC00B33B43 /* Main.storyboard */,
				5E44AC1E2BA404AD00B33B43 /* Assets.xcassets */,
				5E44AC202BA404AD00B33B43 /* LaunchScreen.storyboard */,
				5E44AC232BA404AD00B33B43 /* Info.plist */,
			);
			path = task_Tailwebs;
			sourceTree = "<group>";
		};
		5E44AC292BA404E700B33B43 /* View */ = {
			isa = PBXGroup;
			children = (
				5E44AC312BA409B800B33B43 /* Cell */,
				5E44AC2C2BA4051700B33B43 /* Controller */,
			);
			path = View;
			sourceTree = "<group>";
		};
		5E44AC2A2BA404EE00B33B43 /* Model */ = {
			isa = PBXGroup;
			children = (
				5EA1A90C2BA5FFBD005417C3 /* Model.swift */,
			);
			path = Model;
			sourceTree = "<group>";
		};
		5E44AC2C2BA4051700B33B43 /* Controller */ = {
			isa = PBXGroup;
			children = (
				5E44AC462BA5988100B33B43 /* TabBarVC */,
				5E44AC2D2BA4053500B33B43 /* HomeVC.swift */,
				5E44AC2E2BA4053500B33B43 /* HomeVC.xib */,
			);
			path = Controller;
			sourceTree = "<group>";
		};
		5E44AC312BA409B800B33B43 /* Cell */ = {
			isa = PBXGroup;
			children = (
				5E44AC3E2BA415CC00B33B43 /* CalenderDateCVC.swift */,
				5E44AC3F2BA415CC00B33B43 /* CalenderDateCVC.xib */,
				5E44AC422BA43DEE00B33B43 /* TableViewCell.swift */,
				5E44AC432BA43DEE00B33B43 /* TableViewCell.xib */,
			);
			path = Cell;
			sourceTree = "<group>";
		};
		5E44AC362BA40A4B00B33B43 /* Helper */ = {
			isa = PBXGroup;
			children = (
				5E44AC3C2BA414B100B33B43 /* Date+Extension.swift */,
			);
			path = Helper;
			sourceTree = "<group>";
		};
		5E44AC462BA5988100B33B43 /* TabBarVC */ = {
			isa = PBXGroup;
			children = (
				5E44AC472BA598A400B33B43 /* MyTabBarController.swift */,
				5E44AC482BA598A400B33B43 /* MyTabBarController.xib */,
			);
			path = TabBarVC;
			sourceTree = "<group>";
		};
/* End PBXGroup section */

/* Begin PBXNativeTarget section */
		5E44AC112BA404AC00B33B43 /* task_Tailwebs */ = {
			isa = PBXNativeTarget;
			buildConfigurationList = 5E44AC262BA404AD00B33B43 /* Build configuration list for PBXNativeTarget "task_Tailwebs" */;
			buildPhases = (
				5E44AC0E2BA404AC00B33B43 /* Sources */,
				5E44AC0F2BA404AC00B33B43 /* Frameworks */,
				5E44AC102BA404AC00B33B43 /* Resources */,
			);
			buildRules = (
			);
			dependencies = (
			);
			name = task_Tailwebs;
			productName = task_Tailwebs;
			productReference = 5E44AC122BA404AC00B33B43 /* task_Tailwebs.app */;
			productType = "com.apple.product-type.application";
		};
/* End PBXNativeTarget section */

/* Begin PBXProject section */
		5E44AC0A2BA404AC00B33B43 /* Project object */ = {
			isa = PBXProject;
			attributes = {
				BuildIndependentTargetsInParallel = 1;
				LastSwiftUpdateCheck = 1520;
				LastUpgradeCheck = 1520;
				TargetAttributes = {
					5E44AC112BA404AC00B33B43 = {
						CreatedOnToolsVersion = 15.2;
					};
				};
			};
			buildConfigurationList = 5E44AC0D2BA404AC00B33B43 /* Build configuration list for PBXProject "task_Tailwebs" */;
			compatibilityVersion = "Xcode 14.0";
			developmentRegion = en;
			hasScannedForEncodings = 0;
			knownRegions = (
				en,
				Base,
			);
			mainGroup = 5E44AC092BA404AC00B33B43;
			productRefGroup = 5E44AC132BA404AC00B33B43 /* Products */;
			projectDirPath = "";
			projectRoot = "";
			targets = (
				5E44AC112BA404AC00B33B43 /* task_Tailwebs */,
			);
		};
/* End PBXProject section */

/* Begin PBXResourcesBuildPhase section */
		5E44AC102BA404AC00B33B43 /* Resources */ = {
			isa = PBXResourcesBuildPhase;
			buildActionMask = 2147483647;
			files = (
				5E44AC222BA404AD00B33B43 /* LaunchScreen.storyboard in Resources */,
				5E44AC452BA43DEE00B33B43 /* TableViewCell.xib in Resources */,
				5E44AC4A2BA598A400B33B43 /* MyTabBarController.xib in Resources */,
				5E44AC302BA4053500B33B43 /* HomeVC.xib in Resources */,
				5E44AC412BA415CC00B33B43 /* CalenderDateCVC.xib in Resources */,
				5E44AC1F2BA404AD00B33B43 /* Assets.xcassets in Resources */,
				5E44AC1D2BA404AC00B33B43 /* Main.storyboard in Resources */,
			);
			runOnlyForDeploymentPostprocessing = 0;
		};
/* End PBXResourcesBuildPhase section */

/* Begin PBXSourcesBuildPhase section */
		5E44AC0E2BA404AC00B33B43 /* Sources */ = {
			isa = PBXSourcesBuildPhase;
			buildActionMask = 2147483647;
			files = (
				5EA1A90D2BA5FFBD005417C3 /* Model.swift in Sources */,
				5E44AC1A2BA404AC00B33B43 /* ViewController.swift in Sources */,
				5E44AC492BA598A400B33B43 /* MyTabBarController.swift in Sources */,
				5E44AC2F2BA4053500B33B43 /* HomeVC.swift in Sources */,
				5E44AC162BA404AC00B33B43 /* AppDelegate.swift in Sources */,
				5E44AC182BA404AC00B33B43 /* SceneDelegate.swift in Sources */,
				5E44AC402BA415CC00B33B43 /* CalenderDateCVC.swift in Sources */,
				5E44AC442BA43DEE00B33B43 /* TableViewCell.swift in Sources */,
				5E44AC3D2BA414B100B33B43 /* Date+Extension.swift in Sources */,
			);
			runOnlyForDeploymentPostprocessing = 0;
		};
/* End PBXSourcesBuildPhase section */

/* Begin PBXVariantGroup section */
		5E44AC1B2BA404AC00B33B43 /* Main.storyboard */ = {
			isa = PBXVariantGroup;
			children = (
				5E44AC1C2BA404AC00B33B43 /* Base */,
			);
			name = Main.storyboard;
			sourceTree = "<group>";
		};
		5E44AC202BA404AD00B33B43 /* LaunchScreen.storyboard */ = {
			isa = PBXVariantGroup;
			children = (
				5E44AC212BA404AD00B33B43 /* Base */,
			);
			name = LaunchScreen.storyboard;
			sourceTree = "<group>";
		};
/* End PBXVariantGroup section */

/* Begin XCBuildConfiguration section */
		5E44AC242BA404AD00B33B43 /* Debug */ = {
			isa = XCBuildConfiguration;
			buildSettings = {
				ALWAYS_SEARCH_USER_PATHS = NO;
				ASSETCATALOG_COMPILER_GENERATE_SWIFT_ASSET_SYMBOL_EXTENSIONS = YES;
				CLANG_ANALYZER_NONNULL = YES;
				CLANG_ANALYZER_NUMBER_OBJECT_CONVERSION = YES_AGGRESSIVE;
				CLANG_CXX_LANGUAGE_STANDARD = "gnu++20";
				CLANG_ENABLE_MODULES = YES;
				CLANG_ENABLE_OBJC_ARC = YES;
				CLANG_ENABLE_OBJC_WEAK = YES;
				CLANG_WARN_BLOCK_CAPTURE_AUTORELEASING = YES;
				CLANG_WARN_BOOL_CONVERSION = YES;
				CLANG_WARN_COMMA = YES;
				CLANG_WARN_CONSTANT_CONVERSION = YES;
				CLANG_WARN_DEPRECATED_OBJC_IMPLEMENTATIONS = YES;
				CLANG_WARN_DIRECT_OBJC_ISA_USAGE = YES_ERROR;
				CLANG_WARN_DOCUMENTATION_COMMENTS = YES;
				CLANG_WARN_EMPTY_BODY = YES;
				CLANG_WARN_ENUM_CONVERSION = YES;
				CLANG_WARN_INFINITE_RECURSION = YES;
				CLANG_WARN_INT_CONVERSION = YES;
				CLANG_WARN_NON_LITERAL_NULL_CONVERSION = YES;
				CLANG_WARN_OBJC_IMPLICIT_RETAIN_SELF = YES;
				CLANG_WARN_OBJC_LITERAL_CONVERSION = YES;
				CLANG_WARN_OBJC_ROOT_CLASS = YES_ERROR;
				CLANG_WARN_QUOTED_INCLUDE_IN_FRAMEWORK_HEADER = YES;
				CLANG_WARN_RANGE_LOOP_ANALYSIS = YES;
				CLANG_WARN_STRICT_PROTOTYPES = YES;
				CLANG_WARN_SUSPICIOUS_MOVE = YES;
				CLANG_WARN_UNGUARDED_AVAILABILITY = YES_AGGRESSIVE;
				CLANG_WARN_UNREACHABLE_CODE = YES;
				CLANG_WARN__DUPLICATE_METHOD_MATCH = YES;
				COPY_PHASE_STRIP = NO;
				DEBUG_INFORMATION_FORMAT = dwarf;
				ENABLE_STRICT_OBJC_MSGSEND = YES;
				ENABLE_TESTABILITY = YES;
				ENABLE_USER_SCRIPT_SANDBOXING = YES;
				GCC_C_LANGUAGE_STANDARD = gnu17;
				GCC_DYNAMIC_NO_PIC = NO;
				GCC_NO_COMMON_BLOCKS = YES;
				GCC_OPTIMIZATION_LEVEL = 0;
				GCC_PREPROCESSOR_DEFINITIONS = (
					"DEBUG=1",
					"$(inherited)",
				);
				GCC_WARN_64_TO_32_BIT_CONVERSION = YES;
				GCC_WARN_ABOUT_RETURN_TYPE = YES_ERROR;
				GCC_WARN_UNDECLARED_SELECTOR = YES;
				GCC_WARN_UNINITIALIZED_AUTOS = YES_AGGRESSIVE;
				GCC_WARN_UNUSED_FUNCTION = YES;
				GCC_WARN_UNUSED_VARIABLE = YES;
				IPHONEOS_DEPLOYMENT_TARGET = 17.2;
				LOCALIZATION_PREFERS_STRING_CATALOGS = YES;
				MTL_ENABLE_DEBUG_INFO = INCLUDE_SOURCE;
				MTL_FAST_MATH = YES;
				ONLY_ACTIVE_ARCH = YES;
				SDKROOT = iphoneos;
				SWIFT_ACTIVE_COMPILATION_CONDITIONS = "DEBUG $(inherited)";
				SWIFT_OPTIMIZATION_LEVEL = "-Onone";
			};
			name = Debug;
		};
		5E44AC252BA404AD00B33B43 /* Release */ = {
			isa = XCBuildConfiguration;
			buildSettings = {
				ALWAYS_SEARCH_USER_PATHS = NO;
				ASSETCATALOG_COMPILER_GENERATE_SWIFT_ASSET_SYMBOL_EXTENSIONS = YES;
				CLANG_ANALYZER_NONNULL = YES;
				CLANG_ANALYZER_NUMBER_OBJECT_CONVERSION = YES_AGGRESSIVE;
				CLANG_CXX_LANGUAGE_STANDARD = "gnu++20";
				CLANG_ENABLE_MODULES = YES;
				CLANG_ENABLE_OBJC_ARC = YES;
				CLANG_ENABLE_OBJC_WEAK = YES;
				CLANG_WARN_BLOCK_CAPTURE_AUTORELEASING = YES;
				CLANG_WARN_BOOL_CONVERSION = YES;
				CLANG_WARN_COMMA = YES;
				CLANG_WARN_CONSTANT_CONVERSION = YES;
				CLANG_WARN_DEPRECATED_OBJC_IMPLEMENTATIONS = YES;
				CLANG_WARN_DIRECT_OBJC_ISA_USAGE = YES_ERROR;
				CLANG_WARN_DOCUMENTATION_COMMENTS = YES;
				CLANG_WARN_EMPTY_BODY = YES;
				CLANG_WARN_ENUM_CONVERSION = YES;
				CLANG_WARN_INFINITE_RECURSION = YES;
				CLANG_WARN_INT_CONVERSION = YES;
				CLANG_WARN_NON_LITERAL_NULL_CONVERSION = YES;
				CLANG_WARN_OBJC_IMPLICIT_RETAIN_SELF = YES;
				CLANG_WARN_OBJC_LITERAL_CONVERSION = YES;
				CLANG_WARN_OBJC_ROOT_CLASS = YES_ERROR;
				CLANG_WARN_QUOTED_INCLUDE_IN_FRAMEWORK_HEADER = YES;
				CLANG_WARN_RANGE_LOOP_ANALYSIS = YES;
				CLANG_WARN_STRICT_PROTOTYPES = YES;
				CLANG_WARN_SUSPICIOUS_MOVE = YES;
				CLANG_WARN_UNGUARDED_AVAILABILITY = YES_AGGRESSIVE;
				CLANG_WARN_UNREACHABLE_CODE = YES;
				CLANG_WARN__DUPLICATE_METHOD_MATCH = YES;
				COPY_PHASE_STRIP = NO;
				DEBUG_INFORMATION_FORMAT = "dwarf-with-dsym";
				ENABLE_NS_ASSERTIONS = NO;
				ENABLE_STRICT_OBJC_MSGSEND = YES;
				ENABLE_USER_SCRIPT_SANDBOXING = YES;
				GCC_C_LANGUAGE_STANDARD = gnu17;
				GCC_NO_COMMON_BLOCKS = YES;
				GCC_WARN_64_TO_32_BIT_CONVERSION = YES;
				GCC_WARN_ABOUT_RETURN_TYPE = YES_ERROR;
				GCC_WARN_UNDECLARED_SELECTOR = YES;
				GCC_WARN_UNINITIALIZED_AUTOS = YES_AGGRESSIVE;
				GCC_WARN_UNUSED_FUNCTION = YES;
				GCC_WARN_UNUSED_VARIABLE = YES;
				IPHONEOS_DEPLOYMENT_TARGET = 17.2;
				LOCALIZATION_PREFERS_STRING_CATALOGS = YES;
				MTL_ENABLE_DEBUG_INFO = NO;
				MTL_FAST_MATH = YES;
				SDKROOT = iphoneos;
				SWIFT_COMPILATION_MODE = wholemodule;
				VALIDATE_PRODUCT = YES;
			};
			name = Release;
		};
		5E44AC272BA404AD00B33B43 /* Debug */ = {
			isa = XCBuildConfiguration;
			buildSettings = {
				ASSETCATALOG_COMPILER_APPICON_NAME = AppIcon;
				ASSETCATALOG_COMPILER_GLOBAL_ACCENT_COLOR_NAME = AccentColor;
				CODE_SIGN_STYLE = Automatic;
				CURRENT_PROJECT_VERSION = 1;
				DEVELOPMENT_TEAM = 56XQB6H3G7;
				GENERATE_INFOPLIST_FILE = YES;
				INFOPLIST_FILE = task_Tailwebs/Info.plist;
				INFOPLIST_KEY_UIApplicationSupportsIndirectInputEvents = YES;
				INFOPLIST_KEY_UILaunchStoryboardName = LaunchScreen;
				INFOPLIST_KEY_UIMainStoryboardFile = Main;
				INFOPLIST_KEY_UISupportedInterfaceOrientations_iPad = "UIInterfaceOrientationPortrait UIInterfaceOrientationPortraitUpsideDown UIInterfaceOrientationLandscapeLeft UIInterfaceOrientationLandscapeRight";
				INFOPLIST_KEY_UISupportedInterfaceOrientations_iPhone = "UIInterfaceOrientationPortrait UIInterfaceOrientationLandscapeLeft UIInterfaceOrientationLandscapeRight";
				LD_RUNPATH_SEARCH_PATHS = (
					"$(inherited)",
					"@executable_path/Frameworks",
				);
				MARKETING_VERSION = 1.0;
				PRODUCT_BUNDLE_IDENTIFIER = "com.shubham.task-Tailwebs";
				PRODUCT_NAME = "$(TARGET_NAME)";
				SWIFT_EMIT_LOC_STRINGS = YES;
				SWIFT_VERSION = 5.0;
				TARGETED_DEVICE_FAMILY = "1,2";
			};
			name = Debug;
		};
		5E44AC282BA404AD00B33B43 /* Release */ = {
			isa = XCBuildConfiguration;
			buildSettings = {
				ASSETCATALOG_COMPILER_APPICON_NAME = AppIcon;
				ASSETCATALOG_COMPILER_GLOBAL_ACCENT_COLOR_NAME = AccentColor;
				CODE_SIGN_STYLE = Automatic;
				CURRENT_PROJECT_VERSION = 1;
				DEVELOPMENT_TEAM = 56XQB6H3G7;
				GENERATE_INFOPLIST_FILE = YES;
				INFOPLIST_FILE = task_Tailwebs/Info.plist;
				INFOPLIST_KEY_UIApplicationSupportsIndirectInputEvents = YES;
				INFOPLIST_KEY_UILaunchStoryboardName = LaunchScreen;
				INFOPLIST_KEY_UIMainStoryboardFile = Main;
				INFOPLIST_KEY_UISupportedInterfaceOrientations_iPad = "UIInterfaceOrientationPortrait UIInterfaceOrientationPortraitUpsideDown UIInterfaceOrientationLandscapeLeft UIInterfaceOrientationLandscapeRight";
				INFOPLIST_KEY_UISupportedInterfaceOrientations_iPhone = "UIInterfaceOrientationPortrait UIInterfaceOrientationLandscapeLeft UIInterfaceOrientationLandscapeRight";
				LD_RUNPATH_SEARCH_PATHS = (
					"$(inherited)",
					"@executable_path/Frameworks",
				);
				MARKETING_VERSION = 1.0;
				PRODUCT_BUNDLE_IDENTIFIER = "com.shubham.task-Tailwebs";
				PRODUCT_NAME = "$(TARGET_NAME)";
				SWIFT_EMIT_LOC_STRINGS = YES;
				SWIFT_VERSION = 5.0;
				TARGETED_DEVICE_FAMILY = "1,2";
			};
			name = Release;
		};
/* End XCBuildConfiguration section */

/* Begin XCConfigurationList section */
		5E44AC0D2BA404AC00B33B43 /* Build configuration list for PBXProject "task_Tailwebs" */ = {
			isa = XCConfigurationList;
			buildConfigurations = (
				5E44AC242BA404AD00B33B43 /* Debug */,
				5E44AC252BA404AD00B33B43 /* Release */,
			);
			defaultConfigurationIsVisible = 0;
			defaultConfigurationName = Release;
		};
		5E44AC262BA404AD00B33B43 /* Build configuration list for PBXNativeTarget "task_Tailwebs" */ = {
			isa = XCConfigurationList;
			buildConfigurations = (
				5E44AC272BA404AD00B33B43 /* Debug */,
				5E44AC282BA404AD00B33B43 /* Release */,
			);
			defaultConfigurationIsVisible = 0;
			defaultConfigurationName = Release;
		};
/* End XCConfigurationList section */
	};
	rootObject = 5E44AC0A2BA404AC00B33B43 /* Project object */;
}
